// !$*UTF8*$!
{
	archiveVersion = 1;
	classes = {
	};
	objectVersion = 56;
	objects = {

/* Begin PBXBuildFile section */
		122D3C05299ACF9C007780B1 /* RecommendedGenresResponse.swift in Sources */ = {isa = PBXBuildFile; fileRef = 122D3C04299ACF9C007780B1 /* RecommendedGenresResponse.swift */; };
		122D3C07299ACFE5007780B1 /* RecommendationResponse.swift in Sources */ = {isa = PBXBuildFile; fileRef = 122D3C06299ACFE5007780B1 /* RecommendationResponse.swift */; };
		122D3C09299AD093007780B1 /* Extensions.swift in Sources */ = {isa = PBXBuildFile; fileRef = 122D3C08299AD093007780B1 /* Extensions.swift */; };
		122D3C0B299AD150007780B1 /* NewReleaseCellViewModel.swift in Sources */ = {isa = PBXBuildFile; fileRef = 122D3C0A299AD150007780B1 /* NewReleaseCellViewModel.swift */; };
		122D3C0D299AD19F007780B1 /* SettingsModels.swift in Sources */ = {isa = PBXBuildFile; fileRef = 122D3C0C299AD19F007780B1 /* SettingsModels.swift */; };
		122D3C0F299AD21F007780B1 /* LibraryPlaylistResponse.swift in Sources */ = {isa = PBXBuildFile; fileRef = 122D3C0E299AD21F007780B1 /* LibraryPlaylistResponse.swift */; };
		122D3C11299AD232007780B1 /* LibraryAlbumResponse.swift in Sources */ = {isa = PBXBuildFile; fileRef = 122D3C10299AD232007780B1 /* LibraryAlbumResponse.swift */; };
		122D3C13299AD339007780B1 /* TitleHeaderCollectionReusableView.swift in Sources */ = {isa = PBXBuildFile; fileRef = 122D3C12299AD339007780B1 /* TitleHeaderCollectionReusableView.swift */; };
		122D3C17299AD40D007780B1 /* LibraryToggleView.swift in Sources */ = {isa = PBXBuildFile; fileRef = 122D3C16299AD40D007780B1 /* LibraryToggleView.swift */; };
		122D3C19299AD444007780B1 /* ActionLabelView.swift in Sources */ = {isa = PBXBuildFile; fileRef = 122D3C18299AD444007780B1 /* ActionLabelView.swift */; };
		122D3C1B299AD54D007780B1 /* NewReleasesCollectionViewCell.swift in Sources */ = {isa = PBXBuildFile; fileRef = 122D3C1A299AD54D007780B1 /* NewReleasesCollectionViewCell.swift */; };
		122D3C1D299AD5B4007780B1 /* LibraryPlaylistViewController.swift in Sources */ = {isa = PBXBuildFile; fileRef = 122D3C1C299AD5B4007780B1 /* LibraryPlaylistViewController.swift */; };
		1246D6FF28F5B538000576B5 /* AppDelegate.swift in Sources */ = {isa = PBXBuildFile; fileRef = 1246D6FE28F5B538000576B5 /* AppDelegate.swift */; };
		1246D70128F5B538000576B5 /* SceneDelegate.swift in Sources */ = {isa = PBXBuildFile; fileRef = 1246D70028F5B538000576B5 /* SceneDelegate.swift */; };
		1246D70328F5B538000576B5 /* HomeViewController.swift in Sources */ = {isa = PBXBuildFile; fileRef = 1246D70228F5B538000576B5 /* HomeViewController.swift */; };
		1246D70628F5B538000576B5 /* Main.storyboard in Resources */ = {isa = PBXBuildFile; fileRef = 1246D70428F5B538000576B5 /* Main.storyboard */; };
		1246D70928F5B538000576B5 /* JamzApp.xcdatamodeld in Sources */ = {isa = PBXBuildFile; fileRef = 1246D70728F5B538000576B5 /* JamzApp.xcdatamodeld */; };
		1246D70B28F5B53A000576B5 /* Assets.xcassets in Resources */ = {isa = PBXBuildFile; fileRef = 1246D70A28F5B53A000576B5 /* Assets.xcassets */; };
		1246D70E28F5B53A000576B5 /* LaunchScreen.storyboard in Resources */ = {isa = PBXBuildFile; fileRef = 1246D70C28F5B53A000576B5 /* LaunchScreen.storyboard */; };
		1246D71B28F5B6FE000576B5 /* ExploreViewController.swift in Sources */ = {isa = PBXBuildFile; fileRef = 1246D71A28F5B6FE000576B5 /* ExploreViewController.swift */; };
		1246D71D28F5B71C000576B5 /* NotificationsViewController.swift in Sources */ = {isa = PBXBuildFile; fileRef = 1246D71C28F5B71C000576B5 /* NotificationsViewController.swift */; };
		1246D71F28F5B727000576B5 /* ProfileViewController.swift in Sources */ = {isa = PBXBuildFile; fileRef = 1246D71E28F5B727000576B5 /* ProfileViewController.swift */; };
		1246D72328F5B79F000576B5 /* WelcomeViewController.swift in Sources */ = {isa = PBXBuildFile; fileRef = 1246D72228F5B79F000576B5 /* WelcomeViewController.swift */; };
		1246D72528F5B7D5000576B5 /* LoginViewController.swift in Sources */ = {isa = PBXBuildFile; fileRef = 1246D72428F5B7D5000576B5 /* LoginViewController.swift */; };
		1246D72828F5CF54000576B5 /* AuthManager.swift in Sources */ = {isa = PBXBuildFile; fileRef = 1246D72728F5CF54000576B5 /* AuthManager.swift */; };
		1246D72A28F5CF99000576B5 /* AuthResponse.swift in Sources */ = {isa = PBXBuildFile; fileRef = 1246D72928F5CF99000576B5 /* AuthResponse.swift */; };
		1246D72C28F5CFDF000576B5 /* TabBarViewController.swift in Sources */ = {isa = PBXBuildFile; fileRef = 1246D72B28F5CFDF000576B5 /* TabBarViewController.swift */; };
		1246D72E28F5D0D7000576B5 /* AuthViewController.swift in Sources */ = {isa = PBXBuildFile; fileRef = 1246D72D28F5D0D7000576B5 /* AuthViewController.swift */; };
		1246D73028F5F61E000576B5 /* SearchResultsViewController.swift in Sources */ = {isa = PBXBuildFile; fileRef = 1246D72F28F5F61E000576B5 /* SearchResultsViewController.swift */; };
		1246D73228F5F68D000576B5 /* SearchResult.swift in Sources */ = {isa = PBXBuildFile; fileRef = 1246D73128F5F68D000576B5 /* SearchResult.swift */; };
		1246D73528F5F6E3000576B5 /* SearchResultDefaultTableViewCell.swift in Sources */ = {isa = PBXBuildFile; fileRef = 1246D73428F5F6E3000576B5 /* SearchResultDefaultTableViewCell.swift */; };
		1246D73728F5F706000576B5 /* SearchResultSubtitleTableViewCell.swift in Sources */ = {isa = PBXBuildFile; fileRef = 1246D73628F5F706000576B5 /* SearchResultSubtitleTableViewCell.swift */; };
		1246D73A28F5F72E000576B5 /* SDWebImage in Frameworks */ = {isa = PBXBuildFile; productRef = 1246D73928F5F72E000576B5 /* SDWebImage */; };
		1246D73C28F5F72E000576B5 /* SDWebImageMapKit in Frameworks */ = {isa = PBXBuildFile; productRef = 1246D73B28F5F72E000576B5 /* SDWebImageMapKit */; };
		1246D73F28F5F7A4000576B5 /* SearchResultDefaultTableViewCellViewModel.swift in Sources */ = {isa = PBXBuildFile; fileRef = 1246D73E28F5F7A4000576B5 /* SearchResultDefaultTableViewCellViewModel.swift */; };
		1246D74128F5F7D1000576B5 /* SearchResultSubtitleTableViewCellViewModel.swift in Sources */ = {isa = PBXBuildFile; fileRef = 1246D74028F5F7D1000576B5 /* SearchResultSubtitleTableViewCellViewModel.swift */; };
		1246D74428F5F960000576B5 /* GenreCollectionCollectionViewCell.swift in Sources */ = {isa = PBXBuildFile; fileRef = 1246D74328F5F960000576B5 /* GenreCollectionCollectionViewCell.swift */; };
		1246D74628F5F99B000576B5 /* CategoryCollectionViewCellViewModel.swift in Sources */ = {isa = PBXBuildFile; fileRef = 1246D74528F5F99B000576B5 /* CategoryCollectionViewCellViewModel.swift */; };
		1246D74828F5FA26000576B5 /* APICaller.swift in Sources */ = {isa = PBXBuildFile; fileRef = 1246D74728F5FA26000576B5 /* APICaller.swift */; };
		1246D74A28F5FCD4000576B5 /* AllCategoriesResponse.swift in Sources */ = {isa = PBXBuildFile; fileRef = 1246D74928F5FCD4000576B5 /* AllCategoriesResponse.swift */; };
		1246D74C28F5FE24000576B5 /* SearchResultsResponse.swift in Sources */ = {isa = PBXBuildFile; fileRef = 1246D74B28F5FE24000576B5 /* SearchResultsResponse.swift */; };
		1246D74E28F5FE77000576B5 /* NewReleaseResponse.swift in Sources */ = {isa = PBXBuildFile; fileRef = 1246D74D28F5FE77000576B5 /* NewReleaseResponse.swift */; };
		1246D75028F5FECC000576B5 /* Playlist.swift in Sources */ = {isa = PBXBuildFile; fileRef = 1246D74F28F5FECC000576B5 /* Playlist.swift */; };
		1246D75228F5FEDE000576B5 /* AudioTrack.swift in Sources */ = {isa = PBXBuildFile; fileRef = 1246D75128F5FEDE000576B5 /* AudioTrack.swift */; };
		1246D75428F5FF0F000576B5 /* Artist.swift in Sources */ = {isa = PBXBuildFile; fileRef = 1246D75328F5FF0F000576B5 /* Artist.swift */; };
		1246D75628F5FF25000576B5 /* UserProfile.swift in Sources */ = {isa = PBXBuildFile; fileRef = 1246D75528F5FF25000576B5 /* UserProfile.swift */; };
		1246D75828F5FF4F000576B5 /* APIImage.swift in Sources */ = {isa = PBXBuildFile; fileRef = 1246D75728F5FF4F000576B5 /* APIImage.swift */; };
		1246D75A28F5FFD3000576B5 /* AlbumViewController.swift in Sources */ = {isa = PBXBuildFile; fileRef = 1246D75928F5FFD3000576B5 /* AlbumViewController.swift */; };
		1246D75D28F60020000576B5 /* PlaybackPresenter.swift in Sources */ = {isa = PBXBuildFile; fileRef = 1246D75C28F60020000576B5 /* PlaybackPresenter.swift */; };
		1246D75F28F60062000576B5 /* PlaylistViewController.swift in Sources */ = {isa = PBXBuildFile; fileRef = 1246D75E28F60062000576B5 /* PlaylistViewController.swift */; };
		1246D76128F600B0000576B5 /* HapticsManger.swift in Sources */ = {isa = PBXBuildFile; fileRef = 1246D76028F600B0000576B5 /* HapticsManger.swift */; };
		1246D76328F600E0000576B5 /* CategoryViewController.swift in Sources */ = {isa = PBXBuildFile; fileRef = 1246D76228F600E0000576B5 /* CategoryViewController.swift */; };
		1246D76528F6016B000576B5 /* FeaturedPlaylistCollectionViewCell.swift in Sources */ = {isa = PBXBuildFile; fileRef = 1246D76428F6016B000576B5 /* FeaturedPlaylistCollectionViewCell.swift */; };
		1246D76728F60197000576B5 /* FeaturedPlaylistCellViewModel.swift in Sources */ = {isa = PBXBuildFile; fileRef = 1246D76628F60197000576B5 /* FeaturedPlaylistCellViewModel.swift */; };
		1246D76928F601FE000576B5 /* AlbumCollectionViewCellViewModel.swift in Sources */ = {isa = PBXBuildFile; fileRef = 1246D76828F601FE000576B5 /* AlbumCollectionViewCellViewModel.swift */; };
		1246D76B28F60230000576B5 /* AlbumTrackCollectionViewCell.swift in Sources */ = {isa = PBXBuildFile; fileRef = 1246D76A28F60230000576B5 /* AlbumTrackCollectionViewCell.swift */; };
		1246D76D28F6027C000576B5 /* PlaylistHeaderCollectionReusableView.swift in Sources */ = {isa = PBXBuildFile; fileRef = 1246D76C28F6027C000576B5 /* PlaylistHeaderCollectionReusableView.swift */; };
		1246D76F28F60331000576B5 /* AlbumDetailResponse.swift in Sources */ = {isa = PBXBuildFile; fileRef = 1246D76E28F60331000576B5 /* AlbumDetailResponse.swift */; };
		1246D77128F6036A000576B5 /* PlaylistHeaderViewViewModel.swift in Sources */ = {isa = PBXBuildFile; fileRef = 1246D77028F6036A000576B5 /* PlaylistHeaderViewViewModel.swift */; };
		1246D77328F60423000576B5 /* PlayerViewController.swift in Sources */ = {isa = PBXBuildFile; fileRef = 1246D77228F60423000576B5 /* PlayerViewController.swift */; };
		1246D77528F605F2000576B5 /* RecommendedTrackCollectionViewCell.swift in Sources */ = {isa = PBXBuildFile; fileRef = 1246D77428F605F2000576B5 /* RecommendedTrackCollectionViewCell.swift */; };
		1246D77728F6061E000576B5 /* RecommendedTrackCellViewModel.swift in Sources */ = {isa = PBXBuildFile; fileRef = 1246D77628F6061E000576B5 /* RecommendedTrackCellViewModel.swift */; };
		1246D77928F606D1000576B5 /* FeaturedPlaylistResponse.swift in Sources */ = {isa = PBXBuildFile; fileRef = 1246D77828F606D1000576B5 /* FeaturedPlaylistResponse.swift */; };
		1246D77B28F6073E000576B5 /* PlaylistDetailResponse.swift in Sources */ = {isa = PBXBuildFile; fileRef = 1246D77A28F6073E000576B5 /* PlaylistDetailResponse.swift */; };
		1246D77D28F607F0000576B5 /* PlayerControlsView.swift in Sources */ = {isa = PBXBuildFile; fileRef = 1246D77C28F607F0000576B5 /* PlayerControlsView.swift */; };
/* End PBXBuildFile section */

/* Begin PBXFileReference section */
		122D3C04299ACF9C007780B1 /* RecommendedGenresResponse.swift */ = {isa = PBXFileReference; lastKnownFileType = sourcecode.swift; path = RecommendedGenresResponse.swift; sourceTree = "<group>"; };
		122D3C06299ACFE5007780B1 /* RecommendationResponse.swift */ = {isa = PBXFileReference; lastKnownFileType = sourcecode.swift; path = RecommendationResponse.swift; sourceTree = "<group>"; };
		122D3C08299AD093007780B1 /* Extensions.swift */ = {isa = PBXFileReference; lastKnownFileType = sourcecode.swift; path = Extensions.swift; sourceTree = "<group>"; };
		122D3C0A299AD150007780B1 /* NewReleaseCellViewModel.swift */ = {isa = PBXFileReference; lastKnownFileType = sourcecode.swift; path = NewReleaseCellViewModel.swift; sourceTree = "<group>"; };
		122D3C0C299AD19F007780B1 /* SettingsModels.swift */ = {isa = PBXFileReference; lastKnownFileType = sourcecode.swift; path = SettingsModels.swift; sourceTree = "<group>"; };
		122D3C0E299AD21F007780B1 /* LibraryPlaylistResponse.swift */ = {isa = PBXFileReference; lastKnownFileType = sourcecode.swift; path = LibraryPlaylistResponse.swift; sourceTree = "<group>"; };
		122D3C10299AD232007780B1 /* LibraryAlbumResponse.swift */ = {isa = PBXFileReference; lastKnownFileType = sourcecode.swift; path = LibraryAlbumResponse.swift; sourceTree = "<group>"; };
		122D3C12299AD339007780B1 /* TitleHeaderCollectionReusableView.swift */ = {isa = PBXFileReference; lastKnownFileType = sourcecode.swift; path = TitleHeaderCollectionReusableView.swift; sourceTree = "<group>"; };
		122D3C16299AD40D007780B1 /* LibraryToggleView.swift */ = {isa = PBXFileReference; lastKnownFileType = sourcecode.swift; path = LibraryToggleView.swift; sourceTree = "<group>"; };
		122D3C18299AD444007780B1 /* ActionLabelView.swift */ = {isa = PBXFileReference; lastKnownFileType = sourcecode.swift; path = ActionLabelView.swift; sourceTree = "<group>"; };
		122D3C1A299AD54D007780B1 /* NewReleasesCollectionViewCell.swift */ = {isa = PBXFileReference; lastKnownFileType = sourcecode.swift; path = NewReleasesCollectionViewCell.swift; sourceTree = "<group>"; };
		122D3C1C299AD5B4007780B1 /* LibraryPlaylistViewController.swift */ = {isa = PBXFileReference; lastKnownFileType = sourcecode.swift; path = LibraryPlaylistViewController.swift; sourceTree = "<group>"; };
		1246D6FB28F5B538000576B5 /* JamzApp.app */ = {isa = PBXFileReference; explicitFileType = wrapper.application; includeInIndex = 0; path = JamzApp.app; sourceTree = BUILT_PRODUCTS_DIR; };
		1246D6FE28F5B538000576B5 /* AppDelegate.swift */ = {isa = PBXFileReference; lastKnownFileType = sourcecode.swift; path = AppDelegate.swift; sourceTree = "<group>"; };
		1246D70028F5B538000576B5 /* SceneDelegate.swift */ = {isa = PBXFileReference; lastKnownFileType = sourcecode.swift; path = SceneDelegate.swift; sourceTree = "<group>"; };
		1246D70228F5B538000576B5 /* HomeViewController.swift */ = {isa = PBXFileReference; lastKnownFileType = sourcecode.swift; path = HomeViewController.swift; sourceTree = "<group>"; };
		1246D70528F5B538000576B5 /* Base */ = {isa = PBXFileReference; lastKnownFileType = file.storyboard; name = Base; path = Base.lproj/Main.storyboard; sourceTree = "<group>"; };
		1246D70828F5B538000576B5 /* JamzApp.xcdatamodel */ = {isa = PBXFileReference; lastKnownFileType = wrapper.xcdatamodel; path = JamzApp.xcdatamodel; sourceTree = "<group>"; };
		1246D70A28F5B53A000576B5 /* Assets.xcassets */ = {isa = PBXFileReference; lastKnownFileType = folder.assetcatalog; path = Assets.xcassets; sourceTree = "<group>"; };
		1246D70D28F5B53A000576B5 /* Base */ = {isa = PBXFileReference; lastKnownFileType = file.storyboard; name = Base; path = Base.lproj/LaunchScreen.storyboard; sourceTree = "<group>"; };
		1246D70F28F5B53A000576B5 /* Info.plist */ = {isa = PBXFileReference; lastKnownFileType = text.plist.xml; path = Info.plist; sourceTree = "<group>"; };
		1246D71A28F5B6FE000576B5 /* ExploreViewController.swift */ = {isa = PBXFileReference; lastKnownFileType = sourcecode.swift; path = ExploreViewController.swift; sourceTree = "<group>"; };
		1246D71C28F5B71C000576B5 /* NotificationsViewController.swift */ = {isa = PBXFileReference; lastKnownFileType = sourcecode.swift; path = NotificationsViewController.swift; sourceTree = "<group>"; };
		1246D71E28F5B727000576B5 /* ProfileViewController.swift */ = {isa = PBXFileReference; lastKnownFileType = sourcecode.swift; path = ProfileViewController.swift; sourceTree = "<group>"; };
		1246D72228F5B79F000576B5 /* WelcomeViewController.swift */ = {isa = PBXFileReference; lastKnownFileType = sourcecode.swift; path = WelcomeViewController.swift; sourceTree = "<group>"; };
		1246D72428F5B7D5000576B5 /* LoginViewController.swift */ = {isa = PBXFileReference; lastKnownFileType = sourcecode.swift; path = LoginViewController.swift; sourceTree = "<group>"; };
		1246D72728F5CF54000576B5 /* AuthManager.swift */ = {isa = PBXFileReference; lastKnownFileType = sourcecode.swift; path = AuthManager.swift; sourceTree = "<group>"; };
		1246D72928F5CF99000576B5 /* AuthResponse.swift */ = {isa = PBXFileReference; lastKnownFileType = sourcecode.swift; path = AuthResponse.swift; sourceTree = "<group>"; };
		1246D72B28F5CFDF000576B5 /* TabBarViewController.swift */ = {isa = PBXFileReference; lastKnownFileType = sourcecode.swift; path = TabBarViewController.swift; sourceTree = "<group>"; };
		1246D72D28F5D0D7000576B5 /* AuthViewController.swift */ = {isa = PBXFileReference; lastKnownFileType = sourcecode.swift; path = AuthViewController.swift; sourceTree = "<group>"; };
		1246D72F28F5F61E000576B5 /* SearchResultsViewController.swift */ = {isa = PBXFileReference; lastKnownFileType = sourcecode.swift; path = SearchResultsViewController.swift; sourceTree = "<group>"; };
		1246D73128F5F68D000576B5 /* SearchResult.swift */ = {isa = PBXFileReference; lastKnownFileType = sourcecode.swift; path = SearchResult.swift; sourceTree = "<group>"; };
		1246D73428F5F6E3000576B5 /* SearchResultDefaultTableViewCell.swift */ = {isa = PBXFileReference; lastKnownFileType = sourcecode.swift; path = SearchResultDefaultTableViewCell.swift; sourceTree = "<group>"; };
		1246D73628F5F706000576B5 /* SearchResultSubtitleTableViewCell.swift */ = {isa = PBXFileReference; lastKnownFileType = sourcecode.swift; path = SearchResultSubtitleTableViewCell.swift; sourceTree = "<group>"; };
		1246D73E28F5F7A4000576B5 /* SearchResultDefaultTableViewCellViewModel.swift */ = {isa = PBXFileReference; lastKnownFileType = sourcecode.swift; path = SearchResultDefaultTableViewCellViewModel.swift; sourceTree = "<group>"; };
		1246D74028F5F7D1000576B5 /* SearchResultSubtitleTableViewCellViewModel.swift */ = {isa = PBXFileReference; lastKnownFileType = sourcecode.swift; path = SearchResultSubtitleTableViewCellViewModel.swift; sourceTree = "<group>"; };
		1246D74328F5F960000576B5 /* GenreCollectionCollectionViewCell.swift */ = {isa = PBXFileReference; lastKnownFileType = sourcecode.swift; path = GenreCollectionCollectionViewCell.swift; sourceTree = "<group>"; };
		1246D74528F5F99B000576B5 /* CategoryCollectionViewCellViewModel.swift */ = {isa = PBXFileReference; lastKnownFileType = sourcecode.swift; path = CategoryCollectionViewCellViewModel.swift; sourceTree = "<group>"; };
		1246D74728F5FA26000576B5 /* APICaller.swift */ = {isa = PBXFileReference; lastKnownFileType = sourcecode.swift; path = APICaller.swift; sourceTree = "<group>"; };
		1246D74928F5FCD4000576B5 /* AllCategoriesResponse.swift */ = {isa = PBXFileReference; lastKnownFileType = sourcecode.swift; path = AllCategoriesResponse.swift; sourceTree = "<group>"; };
		1246D74B28F5FE24000576B5 /* SearchResultsResponse.swift */ = {isa = PBXFileReference; lastKnownFileType = sourcecode.swift; path = SearchResultsResponse.swift; sourceTree = "<group>"; };
		1246D74D28F5FE77000576B5 /* NewReleaseResponse.swift */ = {isa = PBXFileReference; lastKnownFileType = sourcecode.swift; path = NewReleaseResponse.swift; sourceTree = "<group>"; };
		1246D74F28F5FECC000576B5 /* Playlist.swift */ = {isa = PBXFileReference; lastKnownFileType = sourcecode.swift; path = Playlist.swift; sourceTree = "<group>"; };
		1246D75128F5FEDE000576B5 /* AudioTrack.swift */ = {isa = PBXFileReference; lastKnownFileType = sourcecode.swift; path = AudioTrack.swift; sourceTree = "<group>"; };
		1246D75328F5FF0F000576B5 /* Artist.swift */ = {isa = PBXFileReference; lastKnownFileType = sourcecode.swift; path = Artist.swift; sourceTree = "<group>"; };
		1246D75528F5FF25000576B5 /* UserProfile.swift */ = {isa = PBXFileReference; lastKnownFileType = sourcecode.swift; path = UserProfile.swift; sourceTree = "<group>"; };
		1246D75728F5FF4F000576B5 /* APIImage.swift */ = {isa = PBXFileReference; lastKnownFileType = sourcecode.swift; path = APIImage.swift; sourceTree = "<group>"; };
		1246D75928F5FFD3000576B5 /* AlbumViewController.swift */ = {isa = PBXFileReference; lastKnownFileType = sourcecode.swift; path = AlbumViewController.swift; sourceTree = "<group>"; };
		1246D75C28F60020000576B5 /* PlaybackPresenter.swift */ = {isa = PBXFileReference; lastKnownFileType = sourcecode.swift; path = PlaybackPresenter.swift; sourceTree = "<group>"; };
		1246D75E28F60062000576B5 /* PlaylistViewController.swift */ = {isa = PBXFileReference; lastKnownFileType = sourcecode.swift; path = PlaylistViewController.swift; sourceTree = "<group>"; };
		1246D76028F600B0000576B5 /* HapticsManger.swift */ = {isa = PBXFileReference; lastKnownFileType = sourcecode.swift; path = HapticsManger.swift; sourceTree = "<group>"; };
		1246D76228F600E0000576B5 /* CategoryViewController.swift */ = {isa = PBXFileReference; lastKnownFileType = sourcecode.swift; path = CategoryViewController.swift; sourceTree = "<group>"; };
		1246D76428F6016B000576B5 /* FeaturedPlaylistCollectionViewCell.swift */ = {isa = PBXFileReference; lastKnownFileType = sourcecode.swift; path = FeaturedPlaylistCollectionViewCell.swift; sourceTree = "<group>"; };
		1246D76628F60197000576B5 /* FeaturedPlaylistCellViewModel.swift */ = {isa = PBXFileReference; lastKnownFileType = sourcecode.swift; path = FeaturedPlaylistCellViewModel.swift; sourceTree = "<group>"; };
		1246D76828F601FE000576B5 /* AlbumCollectionViewCellViewModel.swift */ = {isa = PBXFileReference; lastKnownFileType = sourcecode.swift; path = AlbumCollectionViewCellViewModel.swift; sourceTree = "<group>"; };
		1246D76A28F60230000576B5 /* AlbumTrackCollectionViewCell.swift */ = {isa = PBXFileReference; lastKnownFileType = sourcecode.swift; path = AlbumTrackCollectionViewCell.swift; sourceTree = "<group>"; };
		1246D76C28F6027C000576B5 /* PlaylistHeaderCollectionReusableView.swift */ = {isa = PBXFileReference; lastKnownFileType = sourcecode.swift; path = PlaylistHeaderCollectionReusableView.swift; sourceTree = "<group>"; };
		1246D76E28F60331000576B5 /* AlbumDetailResponse.swift */ = {isa = PBXFileReference; lastKnownFileType = sourcecode.swift; path = AlbumDetailResponse.swift; sourceTree = "<group>"; };
		1246D77028F6036A000576B5 /* PlaylistHeaderViewViewModel.swift */ = {isa = PBXFileReference; lastKnownFileType = sourcecode.swift; path = PlaylistHeaderViewViewModel.swift; sourceTree = "<group>"; };
		1246D77228F60423000576B5 /* PlayerViewController.swift */ = {isa = PBXFileReference; lastKnownFileType = sourcecode.swift; path = PlayerViewController.swift; sourceTree = "<group>"; };
		1246D77428F605F2000576B5 /* RecommendedTrackCollectionViewCell.swift */ = {isa = PBXFileReference; lastKnownFileType = sourcecode.swift; path = RecommendedTrackCollectionViewCell.swift; sourceTree = "<group>"; };
		1246D77628F6061E000576B5 /* RecommendedTrackCellViewModel.swift */ = {isa = PBXFileReference; lastKnownFileType = sourcecode.swift; path = RecommendedTrackCellViewModel.swift; sourceTree = "<group>"; };
		1246D77828F606D1000576B5 /* FeaturedPlaylistResponse.swift */ = {isa = PBXFileReference; lastKnownFileType = sourcecode.swift; path = FeaturedPlaylistResponse.swift; sourceTree = "<group>"; };
		1246D77A28F6073E000576B5 /* PlaylistDetailResponse.swift */ = {isa = PBXFileReference; lastKnownFileType = sourcecode.swift; path = PlaylistDetailResponse.swift; sourceTree = "<group>"; };
		1246D77C28F607F0000576B5 /* PlayerControlsView.swift */ = {isa = PBXFileReference; lastKnownFileType = sourcecode.swift; path = PlayerControlsView.swift; sourceTree = "<group>"; };
/* End PBXFileReference section */

/* Begin PBXFrameworksBuildPhase section */
		1246D6F828F5B538000576B5 /* Frameworks */ = {
			isa = PBXFrameworksBuildPhase;
			buildActionMask = 2147483647;
			files = (
				1246D73C28F5F72E000576B5 /* SDWebImageMapKit in Frameworks */,
				1246D73A28F5F72E000576B5 /* SDWebImage in Frameworks */,
			);
			runOnlyForDeploymentPostprocessing = 0;
		};
/* End PBXFrameworksBuildPhase section */

/* Begin PBXGroup section */
		1246D6F228F5B538000576B5 = {
			isa = PBXGroup;
			children = (
				1246D6FD28F5B538000576B5 /* JamzApp */,
				1246D6FC28F5B538000576B5 /* Products */,
			);
			sourceTree = "<group>";
		};
		1246D6FC28F5B538000576B5 /* Products */ = {
			isa = PBXGroup;
			children = (
				1246D6FB28F5B538000576B5 /* JamzApp.app */,
			);
			name = Products;
			sourceTree = "<group>";
		};
		1246D6FD28F5B538000576B5 /* JamzApp */ = {
			isa = PBXGroup;
			children = (
				1246D75B28F6000D000576B5 /* Presenter */,
				1246D73D28F5F795000576B5 /* ViewModels */,
				1246D72628F5CF36000576B5 /* Managers */,
				1246D71828F5B634000576B5 /* Resources */,
				1246D71728F5B62E000576B5 /* Models */,
				1246D71628F5B628000576B5 /* Views */,
				1246D71528F5B622000576B5 /* Controllers */,
				1246D70F28F5B53A000576B5 /* Info.plist */,
				1246D70728F5B538000576B5 /* JamzApp.xcdatamodeld */,
			);
			path = JamzApp;
			sourceTree = "<group>";
		};
		1246D71528F5B622000576B5 /* Controllers */ = {
			isa = PBXGroup;
			children = (
				1246D72128F5B77A000576B5 /* Other */,
				1246D72028F5B741000576B5 /* Core */,
			);
			path = Controllers;
			sourceTree = "<group>";
		};
		1246D71628F5B628000576B5 /* Views */ = {
			isa = PBXGroup;
			children = (
				122D3C18299AD444007780B1 /* ActionLabelView.swift */,
				122D3C16299AD40D007780B1 /* LibraryToggleView.swift */,
				1246D76C28F6027C000576B5 /* PlaylistHeaderCollectionReusableView.swift */,
				1246D74328F5F960000576B5 /* GenreCollectionCollectionViewCell.swift */,
				122D3C12299AD339007780B1 /* TitleHeaderCollectionReusableView.swift */,
				1246D77C28F607F0000576B5 /* PlayerControlsView.swift */,
				1246D74228F5F933000576B5 /* Browse */,
				1246D73328F5F6AD000576B5 /* SearchResultCells */,
				1246D71928F5B66A000576B5 /* storyboard */,
				1246D70A28F5B53A000576B5 /* Assets.xcassets */,
			);
			path = Views;
			sourceTree = "<group>";
		};
		1246D71728F5B62E000576B5 /* Models */ = {
			isa = PBXGroup;
			children = (
				1246D72928F5CF99000576B5 /* AuthResponse.swift */,
				1246D73128F5F68D000576B5 /* SearchResult.swift */,
				1246D74928F5FCD4000576B5 /* AllCategoriesResponse.swift */,
				1246D74B28F5FE24000576B5 /* SearchResultsResponse.swift */,
				1246D74D28F5FE77000576B5 /* NewReleaseResponse.swift */,
				1246D74F28F5FECC000576B5 /* Playlist.swift */,
				1246D75128F5FEDE000576B5 /* AudioTrack.swift */,
				1246D75328F5FF0F000576B5 /* Artist.swift */,
				1246D75528F5FF25000576B5 /* UserProfile.swift */,
				1246D75728F5FF4F000576B5 /* APIImage.swift */,
				1246D76E28F60331000576B5 /* AlbumDetailResponse.swift */,
				1246D77828F606D1000576B5 /* FeaturedPlaylistResponse.swift */,
				1246D77A28F6073E000576B5 /* PlaylistDetailResponse.swift */,
				122D3C04299ACF9C007780B1 /* RecommendedGenresResponse.swift */,
				122D3C06299ACFE5007780B1 /* RecommendationResponse.swift */,
				122D3C0C299AD19F007780B1 /* SettingsModels.swift */,
				122D3C0E299AD21F007780B1 /* LibraryPlaylistResponse.swift */,
				122D3C10299AD232007780B1 /* LibraryAlbumResponse.swift */,
			);
			path = Models;
			sourceTree = "<group>";
		};
		1246D71828F5B634000576B5 /* Resources */ = {
			isa = PBXGroup;
			children = (
				1246D6FE28F5B538000576B5 /* AppDelegate.swift */,
				1246D70028F5B538000576B5 /* SceneDelegate.swift */,
				122D3C08299AD093007780B1 /* Extensions.swift */,
			);
			path = Resources;
			sourceTree = "<group>";
		};
		1246D71928F5B66A000576B5 /* storyboard */ = {
			isa = PBXGroup;
			children = (
				1246D70C28F5B53A000576B5 /* LaunchScreen.storyboard */,
				1246D70428F5B538000576B5 /* Main.storyboard */,
			);
			path = storyboard;
			sourceTree = "<group>";
		};
		1246D72028F5B741000576B5 /* Core */ = {
			isa = PBXGroup;
			children = (
				1246D70228F5B538000576B5 /* HomeViewController.swift */,
				1246D71A28F5B6FE000576B5 /* ExploreViewController.swift */,
				1246D71C28F5B71C000576B5 /* NotificationsViewController.swift */,
				1246D71E28F5B727000576B5 /* ProfileViewController.swift */,
				1246D72B28F5CFDF000576B5 /* TabBarViewController.swift */,
			);
			path = Core;
			sourceTree = "<group>";
		};
		1246D72128F5B77A000576B5 /* Other */ = {
			isa = PBXGroup;
			children = (
				1246D72228F5B79F000576B5 /* WelcomeViewController.swift */,
				1246D72428F5B7D5000576B5 /* LoginViewController.swift */,
				1246D72D28F5D0D7000576B5 /* AuthViewController.swift */,
				1246D72F28F5F61E000576B5 /* SearchResultsViewController.swift */,
				1246D75928F5FFD3000576B5 /* AlbumViewController.swift */,
				1246D75E28F60062000576B5 /* PlaylistViewController.swift */,
				1246D76228F600E0000576B5 /* CategoryViewController.swift */,
				1246D77228F60423000576B5 /* PlayerViewController.swift */,
				122D3C1C299AD5B4007780B1 /* LibraryPlaylistViewController.swift */,
			);
			path = Other;
			sourceTree = "<group>";
		};
		1246D72628F5CF36000576B5 /* Managers */ = {
			isa = PBXGroup;
			children = (
				1246D72728F5CF54000576B5 /* AuthManager.swift */,
				1246D74728F5FA26000576B5 /* APICaller.swift */,
				1246D76028F600B0000576B5 /* HapticsManger.swift */,
			);
			path = Managers;
			sourceTree = "<group>";
		};
		1246D73328F5F6AD000576B5 /* SearchResultCells */ = {
			isa = PBXGroup;
			children = (
				1246D73428F5F6E3000576B5 /* SearchResultDefaultTableViewCell.swift */,
				1246D73628F5F706000576B5 /* SearchResultSubtitleTableViewCell.swift */,
			);
			path = SearchResultCells;
			sourceTree = "<group>";
		};
		1246D73D28F5F795000576B5 /* ViewModels */ = {
			isa = PBXGroup;
			children = (
				1246D73E28F5F7A4000576B5 /* SearchResultDefaultTableViewCellViewModel.swift */,
				1246D74028F5F7D1000576B5 /* SearchResultSubtitleTableViewCellViewModel.swift */,
				1246D74528F5F99B000576B5 /* CategoryCollectionViewCellViewModel.swift */,
				1246D76628F60197000576B5 /* FeaturedPlaylistCellViewModel.swift */,
				1246D76828F601FE000576B5 /* AlbumCollectionViewCellViewModel.swift */,
				1246D77028F6036A000576B5 /* PlaylistHeaderViewViewModel.swift */,
				1246D77628F6061E000576B5 /* RecommendedTrackCellViewModel.swift */,
				122D3C0A299AD150007780B1 /* NewReleaseCellViewModel.swift */,
			);
			path = ViewModels;
			sourceTree = "<group>";
		};
		1246D74228F5F933000576B5 /* Browse */ = {
			isa = PBXGroup;
			children = (
				1246D76428F6016B000576B5 /* FeaturedPlaylistCollectionViewCell.swift */,
				1246D76A28F60230000576B5 /* AlbumTrackCollectionViewCell.swift */,
				1246D77428F605F2000576B5 /* RecommendedTrackCollectionViewCell.swift */,
				122D3C1A299AD54D007780B1 /* NewReleasesCollectionViewCell.swift */,
			);
			path = Browse;
			sourceTree = "<group>";
		};
		1246D75B28F6000D000576B5 /* Presenter */ = {
			isa = PBXGroup;
			children = (
				1246D75C28F60020000576B5 /* PlaybackPresenter.swift */,
			);
			path = Presenter;
			sourceTree = "<group>";
		};
/* End PBXGroup section */

/* Begin PBXNativeTarget section */
		1246D6FA28F5B538000576B5 /* JamzApp */ = {
			isa = PBXNativeTarget;
			buildConfigurationList = 1246D71228F5B53A000576B5 /* Build configuration list for PBXNativeTarget "JamzApp" */;
			buildPhases = (
				1246D6F728F5B538000576B5 /* Sources */,
				1246D6F828F5B538000576B5 /* Frameworks */,
				1246D6F928F5B538000576B5 /* Resources */,
			);
			buildRules = (
			);
			dependencies = (
			);
			name = JamzApp;
			packageProductDependencies = (
				1246D73928F5F72E000576B5 /* SDWebImage */,
				1246D73B28F5F72E000576B5 /* SDWebImageMapKit */,
			);
			productName = JamzApp;
			productReference = 1246D6FB28F5B538000576B5 /* JamzApp.app */;
			productType = "com.apple.product-type.application";
		};
/* End PBXNativeTarget section */

/* Begin PBXProject section */
		1246D6F328F5B538000576B5 /* Project object */ = {
			isa = PBXProject;
			attributes = {
				BuildIndependentTargetsInParallel = 1;
				LastSwiftUpdateCheck = 1400;
				LastUpgradeCheck = 1400;
				TargetAttributes = {
					1246D6FA28F5B538000576B5 = {
						CreatedOnToolsVersion = 14.0.1;
					};
				};
			};
			buildConfigurationList = 1246D6F628F5B538000576B5 /* Build configuration list for PBXProject "JamzApp" */;
			compatibilityVersion = "Xcode 14.0";
			developmentRegion = en;
			hasScannedForEncodings = 0;
			knownRegions = (
				en,
				Base,
			);
			mainGroup = 1246D6F228F5B538000576B5;
			packageReferences = (
				1246D73828F5F72E000576B5 /* XCRemoteSwiftPackageReference "SDWebImage" */,
			);
			productRefGroup = 1246D6FC28F5B538000576B5 /* Products */;
			projectDirPath = "";
			projectRoot = "";
			targets = (
				1246D6FA28F5B538000576B5 /* JamzApp */,
			);
		};
/* End PBXProject section */

/* Begin PBXResourcesBuildPhase section */
		1246D6F928F5B538000576B5 /* Resources */ = {
			isa = PBXResourcesBuildPhase;
			buildActionMask = 2147483647;
			files = (
				1246D70E28F5B53A000576B5 /* LaunchScreen.storyboard in Resources */,
				1246D70B28F5B53A000576B5 /* Assets.xcassets in Resources */,
				1246D70628F5B538000576B5 /* Main.storyboard in Resources */,
			);
			runOnlyForDeploymentPostprocessing = 0;
		};
/* End PBXResourcesBuildPhase section */

/* Begin PBXSourcesBuildPhase section */
		1246D6F728F5B538000576B5 /* Sources */ = {
			isa = PBXSourcesBuildPhase;
			buildActionMask = 2147483647;
			files = (
				1246D72528F5B7D5000576B5 /* LoginViewController.swift in Sources */,
				1246D75028F5FECC000576B5 /* Playlist.swift in Sources */,
				1246D76D28F6027C000576B5 /* PlaylistHeaderCollectionReusableView.swift in Sources */,
				1246D74628F5F99B000576B5 /* CategoryCollectionViewCellViewModel.swift in Sources */,
				122D3C05299ACF9C007780B1 /* RecommendedGenresResponse.swift in Sources */,
				1246D70328F5B538000576B5 /* HomeViewController.swift in Sources */,
				1246D75828F5FF4F000576B5 /* APIImage.swift in Sources */,
				1246D72328F5B79F000576B5 /* WelcomeViewController.swift in Sources */,
				122D3C19299AD444007780B1 /* ActionLabelView.swift in Sources */,
				122D3C0D299AD19F007780B1 /* SettingsModels.swift in Sources */,
				1246D6FF28F5B538000576B5 /* AppDelegate.swift in Sources */,
				1246D75428F5FF0F000576B5 /* Artist.swift in Sources */,
				1246D74E28F5FE77000576B5 /* NewReleaseResponse.swift in Sources */,
				1246D75A28F5FFD3000576B5 /* AlbumViewController.swift in Sources */,
				1246D75628F5FF25000576B5 /* UserProfile.swift in Sources */,
				1246D72C28F5CFDF000576B5 /* TabBarViewController.swift in Sources */,
				1246D73028F5F61E000576B5 /* SearchResultsViewController.swift in Sources */,
				122D3C0F299AD21F007780B1 /* LibraryPlaylistResponse.swift in Sources */,
				1246D77B28F6073E000576B5 /* PlaylistDetailResponse.swift in Sources */,
				1246D77728F6061E000576B5 /* RecommendedTrackCellViewModel.swift in Sources */,
				1246D71B28F5B6FE000576B5 /* ExploreViewController.swift in Sources */,
				1246D77328F60423000576B5 /* PlayerViewController.swift in Sources */,
				1246D73728F5F706000576B5 /* SearchResultSubtitleTableViewCell.swift in Sources */,
				1246D73228F5F68D000576B5 /* SearchResult.swift in Sources */,
				1246D76528F6016B000576B5 /* FeaturedPlaylistCollectionViewCell.swift in Sources */,
				1246D77928F606D1000576B5 /* FeaturedPlaylistResponse.swift in Sources */,
				1246D71D28F5B71C000576B5 /* NotificationsViewController.swift in Sources */,
				1246D75D28F60020000576B5 /* PlaybackPresenter.swift in Sources */,
				122D3C07299ACFE5007780B1 /* RecommendationResponse.swift in Sources */,
				1246D76928F601FE000576B5 /* AlbumCollectionViewCellViewModel.swift in Sources */,
				1246D71F28F5B727000576B5 /* ProfileViewController.swift in Sources */,
				1246D72E28F5D0D7000576B5 /* AuthViewController.swift in Sources */,
				122D3C13299AD339007780B1 /* TitleHeaderCollectionReusableView.swift in Sources */,
				1246D76128F600B0000576B5 /* HapticsManger.swift in Sources */,
				122D3C1B299AD54D007780B1 /* NewReleasesCollectionViewCell.swift in Sources */,
				1246D76F28F60331000576B5 /* AlbumDetailResponse.swift in Sources */,
				122D3C09299AD093007780B1 /* Extensions.swift in Sources */,
				1246D76728F60197000576B5 /* FeaturedPlaylistCellViewModel.swift in Sources */,
				1246D70128F5B538000576B5 /* SceneDelegate.swift in Sources */,
				1246D76B28F60230000576B5 /* AlbumTrackCollectionViewCell.swift in Sources */,
				1246D73F28F5F7A4000576B5 /* SearchResultDefaultTableViewCellViewModel.swift in Sources */,
				1246D75228F5FEDE000576B5 /* AudioTrack.swift in Sources */,
				1246D74428F5F960000576B5 /* GenreCollectionCollectionViewCell.swift in Sources */,
				1246D72A28F5CF99000576B5 /* AuthResponse.swift in Sources */,
				122D3C1D299AD5B4007780B1 /* LibraryPlaylistViewController.swift in Sources */,
				122D3C17299AD40D007780B1 /* LibraryToggleView.swift in Sources */,
				1246D70928F5B538000576B5 /* JamzApp.xcdatamodeld in Sources */,
				1246D73528F5F6E3000576B5 /* SearchResultDefaultTableViewCell.swift in Sources */,
				1246D74828F5FA26000576B5 /* APICaller.swift in Sources */,
				1246D72828F5CF54000576B5 /* AuthManager.swift in Sources */,
				122D3C11299AD232007780B1 /* LibraryAlbumResponse.swift in Sources */,
				1246D76328F600E0000576B5 /* CategoryViewController.swift in Sources */,
				1246D75F28F60062000576B5 /* PlaylistViewController.swift in Sources */,
				1246D77128F6036A000576B5 /* PlaylistHeaderViewViewModel.swift in Sources */,
				1246D74C28F5FE24000576B5 /* SearchResultsResponse.swift in Sources */,
				122D3C0B299AD150007780B1 /* NewReleaseCellViewModel.swift in Sources */,
				1246D74A28F5FCD4000576B5 /* AllCategoriesResponse.swift in Sources */,
				1246D77528F605F2000576B5 /* RecommendedTrackCollectionViewCell.swift in Sources */,
				1246D74128F5F7D1000576B5 /* SearchResultSubtitleTableViewCellViewModel.swift in Sources */,
				1246D77D28F607F0000576B5 /* PlayerControlsView.swift in Sources */,
			);
			runOnlyForDeploymentPostprocessing = 0;
		};
/* End PBXSourcesBuildPhase section */

/* Begin PBXVariantGroup section */
		1246D70428F5B538000576B5 /* Main.storyboard */ = {
			isa = PBXVariantGroup;
			children = (
				1246D70528F5B538000576B5 /* Base */,
			);
			name = Main.storyboard;
			sourceTree = "<group>";
		};
		1246D70C28F5B53A000576B5 /* LaunchScreen.storyboard */ = {
			isa = PBXVariantGroup;
			children = (
				1246D70D28F5B53A000576B5 /* Base */,
			);
			name = LaunchScreen.storyboard;
			sourceTree = "<group>";
		};
/* End PBXVariantGroup section */

/* Begin XCBuildConfiguration section */
		1246D71028F5B53A000576B5 /* Debug */ = {
			isa = XCBuildConfiguration;
			buildSettings = {
				ALWAYS_SEARCH_USER_PATHS = NO;
				CLANG_ANALYZER_NONNULL = YES;
				CLANG_ANALYZER_NUMBER_OBJECT_CONVERSION = YES_AGGRESSIVE;
				CLANG_CXX_LANGUAGE_STANDARD = "gnu++20";
				CLANG_ENABLE_MODULES = YES;
				CLANG_ENABLE_OBJC_ARC = YES;
				CLANG_ENABLE_OBJC_WEAK = YES;
				CLANG_WARN_BLOCK_CAPTURE_AUTORELEASING = YES;
				CLANG_WARN_BOOL_CONVERSION = YES;
				CLANG_WARN_COMMA = YES;
				CLANG_WARN_CONSTANT_CONVERSION = YES;
				CLANG_WARN_DEPRECATED_OBJC_IMPLEMENTATIONS = YES;
				CLANG_WARN_DIRECT_OBJC_ISA_USAGE = YES_ERROR;
				CLANG_WARN_DOCUMENTATION_COMMENTS = YES;
				CLANG_WARN_EMPTY_BODY = YES;
				CLANG_WARN_ENUM_CONVERSION = YES;
				CLANG_WARN_INFINITE_RECURSION = YES;
				CLANG_WARN_INT_CONVERSION = YES;
				CLANG_WARN_NON_LITERAL_NULL_CONVERSION = YES;
				CLANG_WARN_OBJC_IMPLICIT_RETAIN_SELF = YES;
				CLANG_WARN_OBJC_LITERAL_CONVERSION = YES;
				CLANG_WARN_OBJC_ROOT_CLASS = YES_ERROR;
				CLANG_WARN_QUOTED_INCLUDE_IN_FRAMEWORK_HEADER = YES;
				CLANG_WARN_RANGE_LOOP_ANALYSIS = YES;
				CLANG_WARN_STRICT_PROTOTYPES = YES;
				CLANG_WARN_SUSPICIOUS_MOVE = YES;
				CLANG_WARN_UNGUARDED_AVAILABILITY = YES_AGGRESSIVE;
				CLANG_WARN_UNREACHABLE_CODE = YES;
				CLANG_WARN__DUPLICATE_METHOD_MATCH = YES;
				COPY_PHASE_STRIP = NO;
				DEBUG_INFORMATION_FORMAT = dwarf;
				ENABLE_STRICT_OBJC_MSGSEND = YES;
				ENABLE_TESTABILITY = YES;
				GCC_C_LANGUAGE_STANDARD = gnu11;
				GCC_DYNAMIC_NO_PIC = NO;
				GCC_NO_COMMON_BLOCKS = YES;
				GCC_OPTIMIZATION_LEVEL = 0;
				GCC_PREPROCESSOR_DEFINITIONS = (
					"DEBUG=1",
					"$(inherited)",
				);
				GCC_WARN_64_TO_32_BIT_CONVERSION = YES;
				GCC_WARN_ABOUT_RETURN_TYPE = YES_ERROR;
				GCC_WARN_UNDECLARED_SELECTOR = YES;
				GCC_WARN_UNINITIALIZED_AUTOS = YES_AGGRESSIVE;
				GCC_WARN_UNUSED_FUNCTION = YES;
				GCC_WARN_UNUSED_VARIABLE = YES;
				IPHONEOS_DEPLOYMENT_TARGET = 16.0;
				MTL_ENABLE_DEBUG_INFO = INCLUDE_SOURCE;
				MTL_FAST_MATH = YES;
				ONLY_ACTIVE_ARCH = YES;
				SDKROOT = iphoneos;
				SWIFT_ACTIVE_COMPILATION_CONDITIONS = DEBUG;
				SWIFT_OPTIMIZATION_LEVEL = "-Onone";
			};
			name = Debug;
		};
		1246D71128F5B53A000576B5 /* Release */ = {
			isa = XCBuildConfiguration;
			buildSettings = {
				ALWAYS_SEARCH_USER_PATHS = NO;
				CLANG_ANALYZER_NONNULL = YES;
				CLANG_ANALYZER_NUMBER_OBJECT_CONVERSION = YES_AGGRESSIVE;
				CLANG_CXX_LANGUAGE_STANDARD = "gnu++20";
				CLANG_ENABLE_MODULES = YES;
				CLANG_ENABLE_OBJC_ARC = YES;
				CLANG_ENABLE_OBJC_WEAK = YES;
				CLANG_WARN_BLOCK_CAPTURE_AUTORELEASING = YES;
				CLANG_WARN_BOOL_CONVERSION = YES;
				CLANG_WARN_COMMA = YES;
				CLANG_WARN_CONSTANT_CONVERSION = YES;
				CLANG_WARN_DEPRECATED_OBJC_IMPLEMENTATIONS = YES;
				CLANG_WARN_DIRECT_OBJC_ISA_USAGE = YES_ERROR;
				CLANG_WARN_DOCUMENTATION_COMMENTS = YES;
				CLANG_WARN_EMPTY_BODY = YES;
				CLANG_WARN_ENUM_CONVERSION = YES;
				CLANG_WARN_INFINITE_RECURSION = YES;
				CLANG_WARN_INT_CONVERSION = YES;
				CLANG_WARN_NON_LITERAL_NULL_CONVERSION = YES;
				CLANG_WARN_OBJC_IMPLICIT_RETAIN_SELF = YES;
				CLANG_WARN_OBJC_LITERAL_CONVERSION = YES;
				CLANG_WARN_OBJC_ROOT_CLASS = YES_ERROR;
				CLANG_WARN_QUOTED_INCLUDE_IN_FRAMEWORK_HEADER = YES;
				CLANG_WARN_RANGE_LOOP_ANALYSIS = YES;
				CLANG_WARN_STRICT_PROTOTYPES = YES;
				CLANG_WARN_SUSPICIOUS_MOVE = YES;
				CLANG_WARN_UNGUARDED_AVAILABILITY = YES_AGGRESSIVE;
				CLANG_WARN_UNREACHABLE_CODE = YES;
				CLANG_WARN__DUPLICATE_METHOD_MATCH = YES;
				COPY_PHASE_STRIP = NO;
				DEBUG_INFORMATION_FORMAT = "dwarf-with-dsym";
				ENABLE_NS_ASSERTIONS = NO;
				ENABLE_STRICT_OBJC_MSGSEND = YES;
				GCC_C_LANGUAGE_STANDARD = gnu11;
				GCC_NO_COMMON_BLOCKS = YES;
				GCC_WARN_64_TO_32_BIT_CONVERSION = YES;
				GCC_WARN_ABOUT_RETURN_TYPE = YES_ERROR;
				GCC_WARN_UNDECLARED_SELECTOR = YES;
				GCC_WARN_UNINITIALIZED_AUTOS = YES_AGGRESSIVE;
				GCC_WARN_UNUSED_FUNCTION = YES;
				GCC_WARN_UNUSED_VARIABLE = YES;
				IPHONEOS_DEPLOYMENT_TARGET = 16.0;
				MTL_ENABLE_DEBUG_INFO = NO;
				MTL_FAST_MATH = YES;
				SDKROOT = iphoneos;
				SWIFT_COMPILATION_MODE = wholemodule;
				SWIFT_OPTIMIZATION_LEVEL = "-O";
				VALIDATE_PRODUCT = YES;
			};
			name = Release;
		};
		1246D71328F5B53A000576B5 /* Debug */ = {
			isa = XCBuildConfiguration;
			buildSettings = {
				ASSETCATALOG_COMPILER_APPICON_NAME = AppIcon;
				ASSETCATALOG_COMPILER_GLOBAL_ACCENT_COLOR_NAME = AccentColor;
				CODE_SIGN_STYLE = Automatic;
				CURRENT_PROJECT_VERSION = 1;
				DEVELOPMENT_TEAM = 7DC5738NPG;
				GENERATE_INFOPLIST_FILE = YES;
				INFOPLIST_FILE = JamzApp/Info.plist;
				INFOPLIST_KEY_UIApplicationSupportsIndirectInputEvents = YES;
				INFOPLIST_KEY_UILaunchStoryboardName = LaunchScreen;
				INFOPLIST_KEY_UIMainStoryboardFile = Main;
				INFOPLIST_KEY_UISupportedInterfaceOrientations_iPad = "UIInterfaceOrientationPortrait UIInterfaceOrientationPortraitUpsideDown UIInterfaceOrientationLandscapeLeft UIInterfaceOrientationLandscapeRight";
				INFOPLIST_KEY_UISupportedInterfaceOrientations_iPhone = "UIInterfaceOrientationPortrait UIInterfaceOrientationLandscapeLeft UIInterfaceOrientationLandscapeRight";
				LD_RUNPATH_SEARCH_PATHS = (
					"$(inherited)",
					"@executable_path/Frameworks",
				);
				MARKETING_VERSION = 1.0;
				PRODUCT_BUNDLE_IDENTIFIER = io.aparlato.JamzApp;
				PRODUCT_NAME = "$(TARGET_NAME)";
				SWIFT_EMIT_LOC_STRINGS = YES;
				SWIFT_VERSION = 5.0;
				TARGETED_DEVICE_FAMILY = "1,2";
			};
			name = Debug;
		};
		1246D71428F5B53A000576B5 /* Release */ = {
			isa = XCBuildConfiguration;
			buildSettings = {
				ASSETCATALOG_COMPILER_APPICON_NAME = AppIcon;
				ASSETCATALOG_COMPILER_GLOBAL_ACCENT_COLOR_NAME = AccentColor;
				CODE_SIGN_STYLE = Automatic;
				CURRENT_PROJECT_VERSION = 1;
				DEVELOPMENT_TEAM = 7DC5738NPG;
				GENERATE_INFOPLIST_FILE = YES;
				INFOPLIST_FILE = JamzApp/Info.plist;
				INFOPLIST_KEY_UIApplicationSupportsIndirectInputEvents = YES;
				INFOPLIST_KEY_UILaunchStoryboardName = LaunchScreen;
				INFOPLIST_KEY_UIMainStoryboardFile = Main;
				INFOPLIST_KEY_UISupportedInterfaceOrientations_iPad = "UIInterfaceOrientationPortrait UIInterfaceOrientationPortraitUpsideDown UIInterfaceOrientationLandscapeLeft UIInterfaceOrientationLandscapeRight";
				INFOPLIST_KEY_UISupportedInterfaceOrientations_iPhone = "UIInterfaceOrientationPortrait UIInterfaceOrientationLandscapeLeft UIInterfaceOrientationLandscapeRight";
				LD_RUNPATH_SEARCH_PATHS = (
					"$(inherited)",
					"@executable_path/Frameworks",
				);
				MARKETING_VERSION = 1.0;
				PRODUCT_BUNDLE_IDENTIFIER = io.aparlato.JamzApp;
				PRODUCT_NAME = "$(TARGET_NAME)";
				SWIFT_EMIT_LOC_STRINGS = YES;
				SWIFT_VERSION = 5.0;
				TARGETED_DEVICE_FAMILY = "1,2";
			};
			name = Release;
		};
/* End XCBuildConfiguration section */

/* Begin XCConfigurationList section */
		1246D6F628F5B538000576B5 /* Build configuration list for PBXProject "JamzApp" */ = {
			isa = XCConfigurationList;
			buildConfigurations = (
				1246D71028F5B53A000576B5 /* Debug */,
				1246D71128F5B53A000576B5 /* Release */,
			);
			defaultConfigurationIsVisible = 0;
			defaultConfigurationName = Release;
		};
		1246D71228F5B53A000576B5 /* Build configuration list for PBXNativeTarget "JamzApp" */ = {
			isa = XCConfigurationList;
			buildConfigurations = (
				1246D71328F5B53A000576B5 /* Debug */,
				1246D71428F5B53A000576B5 /* Release */,
			);
			defaultConfigurationIsVisible = 0;
			defaultConfigurationName = Release;
		};
/* End XCConfigurationList section */

/* Begin XCRemoteSwiftPackageReference section */
		1246D73828F5F72E000576B5 /* XCRemoteSwiftPackageReference "SDWebImage" */ = {
			isa = XCRemoteSwiftPackageReference;
			repositoryURL = "https://github.com/SDWebImage/SDWebImage.git";
			requirement = {
				branch = master;
				kind = branch;
			};
		};
/* End XCRemoteSwiftPackageReference section */

/* Begin XCSwiftPackageProductDependency section */
		1246D73928F5F72E000576B5 /* SDWebImage */ = {
			isa = XCSwiftPackageProductDependency;
			package = 1246D73828F5F72E000576B5 /* XCRemoteSwiftPackageReference "SDWebImage" */;
			productName = SDWebImage;
		};
		1246D73B28F5F72E000576B5 /* SDWebImageMapKit */ = {
			isa = XCSwiftPackageProductDependency;
			package = 1246D73828F5F72E000576B5 /* XCRemoteSwiftPackageReference "SDWebImage" */;
			productName = SDWebImageMapKit;
		};
/* End XCSwiftPackageProductDependency section */

/* Begin XCVersionGroup section */
		1246D70728F5B538000576B5 /* JamzApp.xcdatamodeld */ = {
			isa = XCVersionGroup;
			children = (
				1246D70828F5B538000576B5 /* JamzApp.xcdatamodel */,
			);
			currentVersion = 1246D70828F5B538000576B5 /* JamzApp.xcdatamodel */;
			path = JamzApp.xcdatamodeld;
			sourceTree = "<group>";
			versionGroupType = wrapper.xcdatamodel;
		};
/* End XCVersionGroup section */
	};
	rootObject = 1246D6F328F5B538000576B5 /* Project object */;
}
