{
  "pins" : [
    {
      "identity" : "sdwebimage",
      "kind" : "remoteSourceControl",
      "location" : "https://github.com/SDWebImage/SDWebImage.git",
      "state" : {
        "branch" : "master",
        "revision" : "a47bc00770240901a1c99a26c0dad638fa899917"
      }
    }
  ],
  "version" : 2
}
